
Microsoft Visual Studio Solution File, Format Version 12.00
# Visual Studio Version 17
VisualStudioVersion = 17.14.37012.4 d17.14
MinimumVisualStudioVersion = 10.0.40219.1
Project("{FAE04EC0-301F-11D3-BF4B-00C04F79EFBC}") = "OOP Assignment 3", "OOP Assignment 3\OOP Assignment 3.csproj", "{A58A7143-D02D-4DA5-8BEE-B40760325C5C}"
EndProject
Global
	GlobalSection(SolutionConfigurationPlatforms) = preSolution
		Debug|Any CPU = Debug|Any CPU
		Release|Any CPU = Release|Any CPU
	EndGlobalSection
	GlobalSection(ProjectConfigurationPlatforms) = postSolution
		{A58A7143-D02D-4DA5-8BEE-B40760325C5C}.Debug|Any CPU.ActiveCfg = Debug|Any CPU
		{A58A7143-D02D-4DA5-8BEE-B40760325C5C}.Debug|Any CPU.Build.0 = Debug|Any CPU
		{A58A7143-D02D-4DA5-8BEE-B40760325C5C}.Release|Any CPU.ActiveCfg = Release|Any CPU
		{A58A7143-D02D-4DA5-8BEE-B40760325C5C}.Release|Any CPU.Build.0 = Release|Any CPU
	EndGlobalSection
	GlobalSection(SolutionProperties) = preSolution
		HideSolutionNode = FALSE
	EndGlobalSection
	GlobalSection(ExtensibilityGlobals) = postSolution
		SolutionGuid = {2156BE4E-379F-4B66-9FAB-95D74061D32E}
	EndGlobalSection
EndGlobal
